{
  "name": "ai-coding-starter",
  "version": "1.0.0",
  "lockfileVersion": 3,
  "requires": true,
  "packages": {
    "": {
      "name": "ai-coding-starter",
      "version": "1.0.0",
      "license": "MIT",
      "bin": {
        "ai-coding-starter": "bin/cli.js"
      },
      "engines": {
        "node": ">=16.7.0"
      }
    }
  }
}
